// !$*UTF8*$!
{
	archiveVersion = 1;
	classes = {
	};
	objectVersion = 46;
	objects = {

/* Begin PBXBuildFile section */
		383F0BB81C5701D300B7CA6D /* main.m in Sources */ = {isa = PBXBuildFile; fileRef = 383F0BB71C5701D300B7CA6D /* main.m */; };
		383F0BBB1C5701D300B7CA6D /* AppDelegate.m in Sources */ = {isa = PBXBuildFile; fileRef = 383F0BBA1C5701D300B7CA6D /* AppDelegate.m */; };
		383F0BC11C5701D300B7CA6D /* Main.storyboard in Resources */ = {isa = PBXBuildFile; fileRef = 383F0BBF1C5701D300B7CA6D /* Main.storyboard */; };
		383F0BC41C5701D300B7CA6D /* ZJFramework.xcdatamodeld in Sources */ = {isa = PBXBuildFile; fileRef = 383F0BC21C5701D300B7CA6D /* ZJFramework.xcdatamodeld */; };
		383F0BC61C5701D300B7CA6D /* Assets.xcassets in Resources */ = {isa = PBXBuildFile; fileRef = 383F0BC51C5701D300B7CA6D /* Assets.xcassets */; };
		383F0BC91C5701D300B7CA6D /* LaunchScreen.storyboard in Resources */ = {isa = PBXBuildFile; fileRef = 383F0BC71C5701D300B7CA6D /* LaunchScreen.storyboard */; };
		383F0BD41C5701D300B7CA6D /* ZJFrameworkTests.m in Sources */ = {isa = PBXBuildFile; fileRef = 383F0BD31C5701D300B7CA6D /* ZJFrameworkTests.m */; };
		383F0BDF1C5701D300B7CA6D /* ZJFrameworkUITests.m in Sources */ = {isa = PBXBuildFile; fileRef = 383F0BDE1C5701D300B7CA6D /* ZJFrameworkUITests.m */; };
		383F0C041C57031000B7CA6D /* ZJDatePicker.m in Sources */ = {isa = PBXBuildFile; fileRef = 383F0BEE1C57031000B7CA6D /* ZJDatePicker.m */; };
		383F0C051C57031000B7CA6D /* ZJFooterView.m in Sources */ = {isa = PBXBuildFile; fileRef = 383F0BF11C57031000B7CA6D /* ZJFooterView.m */; };
		383F0C061C57031000B7CA6D /* RWKnobControl.m in Sources */ = {isa = PBXBuildFile; fileRef = 383F0BF41C57031000B7CA6D /* RWKnobControl.m */; };
		383F0C071C57031000B7CA6D /* RWKnobRender.m in Sources */ = {isa = PBXBuildFile; fileRef = 383F0BF61C57031000B7CA6D /* RWKnobRender.m */; };
		383F0C081C57031000B7CA6D /* RWRotationGestureRecognizer.m in Sources */ = {isa = PBXBuildFile; fileRef = 383F0BF81C57031000B7CA6D /* RWRotationGestureRecognizer.m */; };
		383F0C091C57031000B7CA6D /* ZJPickerView.m in Sources */ = {isa = PBXBuildFile; fileRef = 383F0BFB1C57031000B7CA6D /* ZJPickerView.m */; };
		383F0C0B1C57031000B7CA6D /* ZJSearchingContentsLayer.m in Sources */ = {isa = PBXBuildFile; fileRef = 383F0C011C57031000B7CA6D /* ZJSearchingContentsLayer.m */; };
		383F0C0C1C57031000B7CA6D /* ZJSearchingView.m in Sources */ = {isa = PBXBuildFile; fileRef = 383F0C031C57031000B7CA6D /* ZJSearchingView.m */; };
		383F0C1D1C57165200B7CA6D /* ZJScrollView.m in Sources */ = {isa = PBXBuildFile; fileRef = 383F0C1C1C57165200B7CA6D /* ZJScrollView.m */; };
		383F0C241C57515B00B7CA6D /* ZJBLEDevice.m in Sources */ = {isa = PBXBuildFile; fileRef = 383F0C231C57515B00B7CA6D /* ZJBLEDevice.m */; };
		383F0C271C57528A00B7CA6D /* ZJBLEDeviceManager.m in Sources */ = {isa = PBXBuildFile; fileRef = 383F0C261C57528A00B7CA6D /* ZJBLEDeviceManager.m */; };
		385335861C7AB6B40033F77B /* ZJNaviScrollView.m in Sources */ = {isa = PBXBuildFile; fileRef = 385335851C7AB6B40033F77B /* ZJNaviScrollView.m */; };
		385335921C7AE32D0033F77B /* ZJNaviScrollCollectionViewCell.m in Sources */ = {isa = PBXBuildFile; fileRef = 3853358E1C7AE32D0033F77B /* ZJNaviScrollCollectionViewCell.m */; };
		385335931C7AE32D0033F77B /* ZJNaviScrollCollectionViewCell.xib in Resources */ = {isa = PBXBuildFile; fileRef = 3853358F1C7AE32D0033F77B /* ZJNaviScrollCollectionViewCell.xib */; };
		385335971C7AF85E0033F77B /* ZJNaviScrollButton.m in Sources */ = {isa = PBXBuildFile; fileRef = 385335961C7AF85E0033F77B /* ZJNaviScrollButton.m */; };
		3853359A1C7B085A0033F77B /* ZJNaviDetailView.m in Sources */ = {isa = PBXBuildFile; fileRef = 385335991C7B085A0033F77B /* ZJNaviDetailView.m */; };
		385B856E1C9A551800970191 /* ViewController.m in Sources */ = {isa = PBXBuildFile; fileRef = 385B85691C9A551800970191 /* ViewController.m */; };
		385B856F1C9A551800970191 /* ZJBLETableViewController.m in Sources */ = {isa = PBXBuildFile; fileRef = 385B856B1C9A551800970191 /* ZJBLETableViewController.m */; };
		385B85701C9A551800970191 /* ZJTestViewController.m in Sources */ = {isa = PBXBuildFile; fileRef = 385B856D1C9A551800970191 /* ZJTestViewController.m */; };
		385B85741C9A558A00970191 /* ZJLoginManager.m in Sources */ = {isa = PBXBuildFile; fileRef = 385B85731C9A558A00970191 /* ZJLoginManager.m */; };
		385B857D1C9A7E0D00970191 /* UIViewExt.m in Sources */ = {isa = PBXBuildFile; fileRef = 385B857A1C9A7E0D00970191 /* UIViewExt.m */; };
		385B857E1C9A7E0D00970191 /* ZJCategory.m in Sources */ = {isa = PBXBuildFile; fileRef = 385B857C1C9A7E0D00970191 /* ZJCategory.m */; };
/* End PBXBuildFile section */

/* Begin PBXContainerItemProxy section */
		383F0BD01C5701D300B7CA6D /* PBXContainerItemProxy */ = {
			isa = PBXContainerItemProxy;
			containerPortal = 383F0BAB1C5701D300B7CA6D /* Project object */;
			proxyType = 1;
			remoteGlobalIDString = 383F0BB21C5701D300B7CA6D;
			remoteInfo = ZJFramework;
		};
		383F0BDB1C5701D300B7CA6D /* PBXContainerItemProxy */ = {
			isa = PBXContainerItemProxy;
			containerPortal = 383F0BAB1C5701D300B7CA6D /* Project object */;
			proxyType = 1;
			remoteGlobalIDString = 383F0BB21C5701D300B7CA6D;
			remoteInfo = ZJFramework;
		};
/* End PBXContainerItemProxy section */

/* Begin PBXFileReference section */
		383F0BB31C5701D300B7CA6D /* ZJFramework.app */ = {isa = PBXFileReference; explicitFileType = wrapper.application; includeInIndex = 0; path = ZJFramework.app; sourceTree = BUILT_PRODUCTS_DIR; };
		383F0BB71C5701D300B7CA6D /* main.m */ = {isa = PBXFileReference; lastKnownFileType = sourcecode.c.objc; path = main.m; sourceTree = "<group>"; };
		383F0BB91C5701D300B7CA6D /* AppDelegate.h */ = {isa = PBXFileReference; lastKnownFileType = sourcecode.c.h; path = AppDelegate.h; sourceTree = "<group>"; };
		383F0BBA1C5701D300B7CA6D /* AppDelegate.m */ = {isa = PBXFileReference; lastKnownFileType = sourcecode.c.objc; path = AppDelegate.m; sourceTree = "<group>"; };
		383F0BC01C5701D300B7CA6D /* Base */ = {isa = PBXFileReference; lastKnownFileType = file.storyboard; name = Base; path = Base.lproj/Main.storyboard; sourceTree = "<group>"; };
		383F0BC31C5701D300B7CA6D /* ZJFramework.xcdatamodel */ = {isa = PBXFileReference; lastKnownFileType = wrapper.xcdatamodel; path = ZJFramework.xcdatamodel; sourceTree = "<group>"; };
		383F0BC51C5701D300B7CA6D /* Assets.xcassets */ = {isa = PBXFileReference; lastKnownFileType = folder.assetcatalog; path = Assets.xcassets; sourceTree = "<group>"; };
		383F0BC81C5701D300B7CA6D /* Base */ = {isa = PBXFileReference; lastKnownFileType = file.storyboard; name = Base; path = Base.lproj/LaunchScreen.storyboard; sourceTree = "<group>"; };
		383F0BCA1C5701D300B7CA6D /* Info.plist */ = {isa = PBXFileReference; lastKnownFileType = text.plist.xml; path = Info.plist; sourceTree = "<group>"; };
		383F0BCF1C5701D300B7CA6D /* ZJFrameworkTests.xctest */ = {isa = PBXFileReference; explicitFileType = wrapper.cfbundle; includeInIndex = 0; path = ZJFrameworkTests.xctest; sourceTree = BUILT_PRODUCTS_DIR; };
		383F0BD31C5701D300B7CA6D /* ZJFrameworkTests.m */ = {isa = PBXFileReference; lastKnownFileType = sourcecode.c.objc; path = ZJFrameworkTests.m; sourceTree = "<group>"; };
		383F0BD51C5701D300B7CA6D /* Info.plist */ = {isa = PBXFileReference; lastKnownFileType = text.plist.xml; path = Info.plist; sourceTree = "<group>"; };
		383F0BDA1C5701D300B7CA6D /* ZJFrameworkUITests.xctest */ = {isa = PBXFileReference; explicitFileType = wrapper.cfbundle; includeInIndex = 0; path = ZJFrameworkUITests.xctest; sourceTree = BUILT_PRODUCTS_DIR; };
		383F0BDE1C5701D300B7CA6D /* ZJFrameworkUITests.m */ = {isa = PBXFileReference; lastKnownFileType = sourcecode.c.objc; path = ZJFrameworkUITests.m; sourceTree = "<group>"; };
		383F0BE01C5701D300B7CA6D /* Info.plist */ = {isa = PBXFileReference; lastKnownFileType = text.plist.xml; path = Info.plist; sourceTree = "<group>"; };
		383F0BED1C57031000B7CA6D /* ZJDatePicker.h */ = {isa = PBXFileReference; fileEncoding = 4; lastKnownFileType = sourcecode.c.h; path = ZJDatePicker.h; sourceTree = "<group>"; };
		383F0BEE1C57031000B7CA6D /* ZJDatePicker.m */ = {isa = PBXFileReference; fileEncoding = 4; lastKnownFileType = sourcecode.c.objc; path = ZJDatePicker.m; sourceTree = "<group>"; };
		383F0BF01C57031000B7CA6D /* ZJFooterView.h */ = {isa = PBXFileReference; fileEncoding = 4; lastKnownFileType = sourcecode.c.h; path = ZJFooterView.h; sourceTree = "<group>"; };
		383F0BF11C57031000B7CA6D /* ZJFooterView.m */ = {isa = PBXFileReference; fileEncoding = 4; lastKnownFileType = sourcecode.c.objc; path = ZJFooterView.m; sourceTree = "<group>"; };
		383F0BF31C57031000B7CA6D /* RWKnobControl.h */ = {isa = PBXFileReference; fileEncoding = 4; lastKnownFileType = sourcecode.c.h; path = RWKnobControl.h; sourceTree = "<group>"; };
		383F0BF41C57031000B7CA6D /* RWKnobControl.m */ = {isa = PBXFileReference; fileEncoding = 4; lastKnownFileType = sourcecode.c.objc; path = RWKnobControl.m; sourceTree = "<group>"; };
		383F0BF51C57031000B7CA6D /* RWKnobRender.h */ = {isa = PBXFileReference; fileEncoding = 4; lastKnownFileType = sourcecode.c.h; path = RWKnobRender.h; sourceTree = "<group>"; };
		383F0BF61C57031000B7CA6D /* RWKnobRender.m */ = {isa = PBXFileReference; fileEncoding = 4; lastKnownFileType = sourcecode.c.objc; path = RWKnobRender.m; sourceTree = "<group>"; };
		383F0BF71C57031000B7CA6D /* RWRotationGestureRecognizer.h */ = {isa = PBXFileReference; fileEncoding = 4; lastKnownFileType = sourcecode.c.h; path = RWRotationGestureRecognizer.h; sourceTree = "<group>"; };
		383F0BF81C57031000B7CA6D /* RWRotationGestureRecognizer.m */ = {isa = PBXFileReference; fileEncoding = 4; lastKnownFileType = sourcecode.c.objc; path = RWRotationGestureRecognizer.m; sourceTree = "<group>"; };
		383F0BFA1C57031000B7CA6D /* ZJPickerView.h */ = {isa = PBXFileReference; fileEncoding = 4; lastKnownFileType = sourcecode.c.h; path = ZJPickerView.h; sourceTree = "<group>"; };
		383F0BFB1C57031000B7CA6D /* ZJPickerView.m */ = {isa = PBXFileReference; fileEncoding = 4; lastKnownFileType = sourcecode.c.objc; path = ZJPickerView.m; sourceTree = "<group>"; };
		383F0C001C57031000B7CA6D /* ZJSearchingContentsLayer.h */ = {isa = PBXFileReference; fileEncoding = 4; lastKnownFileType = sourcecode.c.h; path = ZJSearchingContentsLayer.h; sourceTree = "<group>"; };
		383F0C011C57031000B7CA6D /* ZJSearchingContentsLayer.m */ = {isa = PBXFileReference; fileEncoding = 4; lastKnownFileType = sourcecode.c.objc; path = ZJSearchingContentsLayer.m; sourceTree = "<group>"; };
		383F0C021C57031000B7CA6D /* ZJSearchingView.h */ = {isa = PBXFileReference; fileEncoding = 4; lastKnownFileType = sourcecode.c.h; path = ZJSearchingView.h; sourceTree = "<group>"; };
		383F0C031C57031000B7CA6D /* ZJSearchingView.m */ = {isa = PBXFileReference; fileEncoding = 4; lastKnownFileType = sourcecode.c.objc; path = ZJSearchingView.m; sourceTree = "<group>"; };
		383F0C1B1C57165200B7CA6D /* ZJScrollView.h */ = {isa = PBXFileReference; fileEncoding = 4; lastKnownFileType = sourcecode.c.h; path = ZJScrollView.h; sourceTree = "<group>"; };
		383F0C1C1C57165200B7CA6D /* ZJScrollView.m */ = {isa = PBXFileReference; fileEncoding = 4; lastKnownFileType = sourcecode.c.objc; path = ZJScrollView.m; sourceTree = "<group>"; };
		383F0C221C57515B00B7CA6D /* ZJBLEDevice.h */ = {isa = PBXFileReference; fileEncoding = 4; lastKnownFileType = sourcecode.c.h; path = ZJBLEDevice.h; sourceTree = "<group>"; };
		383F0C231C57515B00B7CA6D /* ZJBLEDevice.m */ = {isa = PBXFileReference; fileEncoding = 4; lastKnownFileType = sourcecode.c.objc; path = ZJBLEDevice.m; sourceTree = "<group>"; };
		383F0C251C57528A00B7CA6D /* ZJBLEDeviceManager.h */ = {isa = PBXFileReference; fileEncoding = 4; lastKnownFileType = sourcecode.c.h; path = ZJBLEDeviceManager.h; sourceTree = "<group>"; };
		383F0C261C57528A00B7CA6D /* ZJBLEDeviceManager.m */ = {isa = PBXFileReference; fileEncoding = 4; lastKnownFileType = sourcecode.c.objc; path = ZJBLEDeviceManager.m; sourceTree = "<group>"; };
		385335841C7AB6B40033F77B /* ZJNaviScrollView.h */ = {isa = PBXFileReference; fileEncoding = 4; lastKnownFileType = sourcecode.c.h; path = ZJNaviScrollView.h; sourceTree = "<group>"; };
		385335851C7AB6B40033F77B /* ZJNaviScrollView.m */ = {isa = PBXFileReference; fileEncoding = 4; lastKnownFileType = sourcecode.c.objc; path = ZJNaviScrollView.m; sourceTree = "<group>"; };
		3853358D1C7AE32D0033F77B /* ZJNaviScrollCollectionViewCell.h */ = {isa = PBXFileReference; fileEncoding = 4; lastKnownFileType = sourcecode.c.h; path = ZJNaviScrollCollectionViewCell.h; sourceTree = "<group>"; };
		3853358E1C7AE32D0033F77B /* ZJNaviScrollCollectionViewCell.m */ = {isa = PBXFileReference; fileEncoding = 4; lastKnownFileType = sourcecode.c.objc; path = ZJNaviScrollCollectionViewCell.m; sourceTree = "<group>"; };
		3853358F1C7AE32D0033F77B /* ZJNaviScrollCollectionViewCell.xib */ = {isa = PBXFileReference; fileEncoding = 4; lastKnownFileType = file.xib; path = ZJNaviScrollCollectionViewCell.xib; sourceTree = "<group>"; };
		385335951C7AF85E0033F77B /* ZJNaviScrollButton.h */ = {isa = PBXFileReference; fileEncoding = 4; lastKnownFileType = sourcecode.c.h; path = ZJNaviScrollButton.h; sourceTree = "<group>"; };
		385335961C7AF85E0033F77B /* ZJNaviScrollButton.m */ = {isa = PBXFileReference; fileEncoding = 4; lastKnownFileType = sourcecode.c.objc; path = ZJNaviScrollButton.m; sourceTree = "<group>"; };
		385335981C7B085A0033F77B /* ZJNaviDetailView.h */ = {isa = PBXFileReference; fileEncoding = 4; lastKnownFileType = sourcecode.c.h; path = ZJNaviDetailView.h; sourceTree = "<group>"; };
		385335991C7B085A0033F77B /* ZJNaviDetailView.m */ = {isa = PBXFileReference; fileEncoding = 4; lastKnownFileType = sourcecode.c.objc; path = ZJNaviDetailView.m; sourceTree = "<group>"; };
		385B85681C9A551800970191 /* ViewController.h */ = {isa = PBXFileReference; fileEncoding = 4; lastKnownFileType = sourcecode.c.h; path = ViewController.h; sourceTree = "<group>"; };
		385B85691C9A551800970191 /* ViewController.m */ = {isa = PBXFileReference; fileEncoding = 4; lastKnownFileType = sourcecode.c.objc; path = ViewController.m; sourceTree = "<group>"; };
		385B856A1C9A551800970191 /* ZJBLETableViewController.h */ = {isa = PBXFileReference; fileEncoding = 4; lastKnownFileType = sourcecode.c.h; path = ZJBLETableViewController.h; sourceTree = "<group>"; };
		385B856B1C9A551800970191 /* ZJBLETableViewController.m */ = {isa = PBXFileReference; fileEncoding = 4; lastKnownFileType = sourcecode.c.objc; path = ZJBLETableViewController.m; sourceTree = "<group>"; };
		385B856C1C9A551800970191 /* ZJTestViewController.h */ = {isa = PBXFileReference; fileEncoding = 4; lastKnownFileType = sourcecode.c.h; path = ZJTestViewController.h; sourceTree = "<group>"; };
		385B856D1C9A551800970191 /* ZJTestViewController.m */ = {isa = PBXFileReference; fileEncoding = 4; lastKnownFileType = sourcecode.c.objc; path = ZJTestViewController.m; sourceTree = "<group>"; };
		385B85721C9A558A00970191 /* ZJLoginManager.h */ = {isa = PBXFileReference; fileEncoding = 4; lastKnownFileType = sourcecode.c.h; path = ZJLoginManager.h; sourceTree = "<group>"; };
		385B85731C9A558A00970191 /* ZJLoginManager.m */ = {isa = PBXFileReference; fileEncoding = 4; lastKnownFileType = sourcecode.c.objc; path = ZJLoginManager.m; sourceTree = "<group>"; };
		385B85791C9A7E0D00970191 /* UIViewExt.h */ = {isa = PBXFileReference; fileEncoding = 4; lastKnownFileType = sourcecode.c.h; path = UIViewExt.h; sourceTree = "<group>"; };
		385B857A1C9A7E0D00970191 /* UIViewExt.m */ = {isa = PBXFileReference; fileEncoding = 4; lastKnownFileType = sourcecode.c.objc; path = UIViewExt.m; sourceTree = "<group>"; };
		385B857B1C9A7E0D00970191 /* ZJCategory.h */ = {isa = PBXFileReference; fileEncoding = 4; lastKnownFileType = sourcecode.c.h; path = ZJCategory.h; sourceTree = "<group>"; };
		385B857C1C9A7E0D00970191 /* ZJCategory.m */ = {isa = PBXFileReference; fileEncoding = 4; lastKnownFileType = sourcecode.c.objc; path = ZJCategory.m; sourceTree = "<group>"; };
/* End PBXFileReference section */

/* Begin PBXFrameworksBuildPhase section */
		383F0BB01C5701D300B7CA6D /* Frameworks */ = {
			isa = PBXFrameworksBuildPhase;
			buildActionMask = 2147483647;
			files = (
			);
			runOnlyForDeploymentPostprocessing = 0;
		};
		383F0BCC1C5701D300B7CA6D /* Frameworks */ = {
			isa = PBXFrameworksBuildPhase;
			buildActionMask = 2147483647;
			files = (
			);
			runOnlyForDeploymentPostprocessing = 0;
		};
		383F0BD71C5701D300B7CA6D /* Frameworks */ = {
			isa = PBXFrameworksBuildPhase;
			buildActionMask = 2147483647;
			files = (
			);
			runOnlyForDeploymentPostprocessing = 0;
		};
/* End PBXFrameworksBuildPhase section */

/* Begin PBXGroup section */
		383F0BAA1C5701D300B7CA6D = {
			isa = PBXGroup;
			children = (
				383F0BBF1C5701D300B7CA6D /* Main.storyboard */,
				383F0BB51C5701D300B7CA6D /* ZJFramework */,
				383F0BD21C5701D300B7CA6D /* ZJFrameworkTests */,
				383F0BDD1C5701D300B7CA6D /* ZJFrameworkUITests */,
				383F0BB41C5701D300B7CA6D /* Products */,
			);
			sourceTree = "<group>";
		};
		383F0BB41C5701D300B7CA6D /* Products */ = {
			isa = PBXGroup;
			children = (
				383F0BB31C5701D300B7CA6D /* ZJFramework.app */,
				383F0BCF1C5701D300B7CA6D /* ZJFrameworkTests.xctest */,
				383F0BDA1C5701D300B7CA6D /* ZJFrameworkUITests.xctest */,
			);
			name = Products;
			sourceTree = "<group>";
		};
		383F0BB51C5701D300B7CA6D /* ZJFramework */ = {
			isa = PBXGroup;
			children = (
				383F0BB91C5701D300B7CA6D /* AppDelegate.h */,
				383F0BBA1C5701D300B7CA6D /* AppDelegate.m */,
				385B85671C9A551800970191 /* VC */,
				385B85781C9A7E0D00970191 /* Category */,
				385B85711C9A558A00970191 /* ZJLoginManager */,
				383F0BEC1C57031000B7CA6D /* ZJDatePicker */,
				383F0BEF1C57031000B7CA6D /* ZJFooterView */,
				383F0BF21C57031000B7CA6D /* ZJKnobControl */,
				383F0BF91C57031000B7CA6D /* ZJPickerView */,
				383F0C1A1C57165200B7CA6D /* ZJScrollView */,
				383F0BFF1C57031000B7CA6D /* ZJSearchingView */,
				383F0C211C5750CD00B7CA6D /* ZJCoreBluetooth */,
				385335831C7AB6850033F77B /* ZJNaviScrollView */,
				383F0BC51C5701D300B7CA6D /* Assets.xcassets */,
				383F0BC71C5701D300B7CA6D /* LaunchScreen.storyboard */,
				383F0BCA1C5701D300B7CA6D /* Info.plist */,
				383F0BC21C5701D300B7CA6D /* ZJFramework.xcdatamodeld */,
				383F0BB61C5701D300B7CA6D /* Supporting Files */,
			);
			path = ZJFramework;
			sourceTree = "<group>";
		};
		383F0BB61C5701D300B7CA6D /* Supporting Files */ = {
			isa = PBXGroup;
			children = (
				383F0BB71C5701D300B7CA6D /* main.m */,
			);
			name = "Supporting Files";
			sourceTree = "<group>";
		};
		383F0BD21C5701D300B7CA6D /* ZJFrameworkTests */ = {
			isa = PBXGroup;
			children = (
				383F0BD31C5701D300B7CA6D /* ZJFrameworkTests.m */,
				383F0BD51C5701D300B7CA6D /* Info.plist */,
			);
			path = ZJFrameworkTests;
			sourceTree = "<group>";
		};
		383F0BDD1C5701D300B7CA6D /* ZJFrameworkUITests */ = {
			isa = PBXGroup;
			children = (
				383F0BDE1C5701D300B7CA6D /* ZJFrameworkUITests.m */,
				383F0BE01C5701D300B7CA6D /* Info.plist */,
			);
			path = ZJFrameworkUITests;
			sourceTree = "<group>";
		};
		383F0BEC1C57031000B7CA6D /* ZJDatePicker */ = {
			isa = PBXGroup;
			children = (
				383F0BED1C57031000B7CA6D /* ZJDatePicker.h */,
				383F0BEE1C57031000B7CA6D /* ZJDatePicker.m */,
			);
			path = ZJDatePicker;
			sourceTree = "<group>";
		};
		383F0BEF1C57031000B7CA6D /* ZJFooterView */ = {
			isa = PBXGroup;
			children = (
				383F0BF01C57031000B7CA6D /* ZJFooterView.h */,
				383F0BF11C57031000B7CA6D /* ZJFooterView.m */,
			);
			path = ZJFooterView;
			sourceTree = "<group>";
		};
		383F0BF21C57031000B7CA6D /* ZJKnobControl */ = {
			isa = PBXGroup;
			children = (
				383F0BF31C57031000B7CA6D /* RWKnobControl.h */,
				383F0BF41C57031000B7CA6D /* RWKnobControl.m */,
				383F0BF51C57031000B7CA6D /* RWKnobRender.h */,
				383F0BF61C57031000B7CA6D /* RWKnobRender.m */,
				383F0BF71C57031000B7CA6D /* RWRotationGestureRecognizer.h */,
				383F0BF81C57031000B7CA6D /* RWRotationGestureRecognizer.m */,
			);
			path = ZJKnobControl;
			sourceTree = "<group>";
		};
		383F0BF91C57031000B7CA6D /* ZJPickerView */ = {
			isa = PBXGroup;
			children = (
				383F0BFA1C57031000B7CA6D /* ZJPickerView.h */,
				383F0BFB1C57031000B7CA6D /* ZJPickerView.m */,
			);
			path = ZJPickerView;
			sourceTree = "<group>";
		};
		383F0BFF1C57031000B7CA6D /* ZJSearchingView */ = {
			isa = PBXGroup;
			children = (
				383F0C001C57031000B7CA6D /* ZJSearchingContentsLayer.h */,
				383F0C011C57031000B7CA6D /* ZJSearchingContentsLayer.m */,
				383F0C021C57031000B7CA6D /* ZJSearchingView.h */,
				383F0C031C57031000B7CA6D /* ZJSearchingView.m */,
			);
			path = ZJSearchingView;
			sourceTree = "<group>";
		};
		383F0C1A1C57165200B7CA6D /* ZJScrollView */ = {
			isa = PBXGroup;
			children = (
				383F0C1B1C57165200B7CA6D /* ZJScrollView.h */,
				383F0C1C1C57165200B7CA6D /* ZJScrollView.m */,
			);
			name = ZJScrollView;
			path = ZJPickerView/ZJScrollView;
			sourceTree = "<group>";
		};
		383F0C211C5750CD00B7CA6D /* ZJCoreBluetooth */ = {
			isa = PBXGroup;
			children = (
				383F0C221C57515B00B7CA6D /* ZJBLEDevice.h */,
				383F0C231C57515B00B7CA6D /* ZJBLEDevice.m */,
				383F0C251C57528A00B7CA6D /* ZJBLEDeviceManager.h */,
				383F0C261C57528A00B7CA6D /* ZJBLEDeviceManager.m */,
			);
			path = ZJCoreBluetooth;
			sourceTree = "<group>";
		};
		385335831C7AB6850033F77B /* ZJNaviScrollView */ = {
			isa = PBXGroup;
			children = (
				385335841C7AB6B40033F77B /* ZJNaviScrollView.h */,
				385335851C7AB6B40033F77B /* ZJNaviScrollView.m */,
				385335951C7AF85E0033F77B /* ZJNaviScrollButton.h */,
				385335961C7AF85E0033F77B /* ZJNaviScrollButton.m */,
				385335981C7B085A0033F77B /* ZJNaviDetailView.h */,
				385335991C7B085A0033F77B /* ZJNaviDetailView.m */,
				3853358C1C7AE32D0033F77B /* xib */,
			);
			path = ZJNaviScrollView;
			sourceTree = "<group>";
		};
		3853358C1C7AE32D0033F77B /* xib */ = {
			isa = PBXGroup;
			children = (
				3853358D1C7AE32D0033F77B /* ZJNaviScrollCollectionViewCell.h */,
				3853358E1C7AE32D0033F77B /* ZJNaviScrollCollectionViewCell.m */,
				3853358F1C7AE32D0033F77B /* ZJNaviScrollCollectionViewCell.xib */,
			);
			path = xib;
			sourceTree = "<group>";
		};
		385B85671C9A551800970191 /* VC */ = {
			isa = PBXGroup;
			children = (
				385B85681C9A551800970191 /* ViewController.h */,
				385B85691C9A551800970191 /* ViewController.m */,
				385B856A1C9A551800970191 /* ZJBLETableViewController.h */,
				385B856B1C9A551800970191 /* ZJBLETableViewController.m */,
				385B856C1C9A551800970191 /* ZJTestViewController.h */,
				385B856D1C9A551800970191 /* ZJTestViewController.m */,
			);
			path = VC;
			sourceTree = "<group>";
		};
		385B85711C9A558A00970191 /* ZJLoginManager */ = {
			isa = PBXGroup;
			children = (
				385B85721C9A558A00970191 /* ZJLoginManager.h */,
				385B85731C9A558A00970191 /* ZJLoginManager.m */,
			);
			path = ZJLoginManager;
			sourceTree = "<group>";
		};
		385B85781C9A7E0D00970191 /* Category */ = {
			isa = PBXGroup;
			children = (
				385B85791C9A7E0D00970191 /* UIViewExt.h */,
				385B857A1C9A7E0D00970191 /* UIViewExt.m */,
				385B857B1C9A7E0D00970191 /* ZJCategory.h */,
				385B857C1C9A7E0D00970191 /* ZJCategory.m */,
			);
			path = Category;
			sourceTree = "<group>";
		};
/* End PBXGroup section */

/* Begin PBXNativeTarget section */
		383F0BB21C5701D300B7CA6D /* ZJFramework */ = {
			isa = PBXNativeTarget;
			buildConfigurationList = 383F0BE31C5701D300B7CA6D /* Build configuration list for PBXNativeTarget "ZJFramework" */;
			buildPhases = (
				383F0BAF1C5701D300B7CA6D /* Sources */,
				383F0BB01C5701D300B7CA6D /* Frameworks */,
				383F0BB11C5701D300B7CA6D /* Resources */,
			);
			buildRules = (
			);
			dependencies = (
			);
			name = ZJFramework;
			productName = ZJFramework;
			productReference = 383F0BB31C5701D300B7CA6D /* ZJFramework.app */;
			productType = "com.apple.product-type.application";
		};
		383F0BCE1C5701D300B7CA6D /* ZJFrameworkTests */ = {
			isa = PBXNativeTarget;
			buildConfigurationList = 383F0BE61C5701D300B7CA6D /* Build configuration list for PBXNativeTarget "ZJFrameworkTests" */;
			buildPhases = (
				383F0BCB1C5701D300B7CA6D /* Sources */,
				383F0BCC1C5701D300B7CA6D /* Frameworks */,
				383F0BCD1C5701D300B7CA6D /* Resources */,
			);
			buildRules = (
			);
			dependencies = (
				383F0BD11C5701D300B7CA6D /* PBXTargetDependency */,
			);
			name = ZJFrameworkTests;
			productName = ZJFrameworkTests;
			productReference = 383F0BCF1C5701D300B7CA6D /* ZJFrameworkTests.xctest */;
			productType = "com.apple.product-type.bundle.unit-test";
		};
		383F0BD91C5701D300B7CA6D /* ZJFrameworkUITests */ = {
			isa = PBXNativeTarget;
			buildConfigurationList = 383F0BE91C5701D300B7CA6D /* Build configuration list for PBXNativeTarget "ZJFrameworkUITests" */;
			buildPhases = (
				383F0BD61C5701D300B7CA6D /* Sources */,
				383F0BD71C5701D300B7CA6D /* Frameworks */,
				383F0BD81C5701D300B7CA6D /* Resources */,
			);
			buildRules = (
			);
			dependencies = (
				383F0BDC1C5701D300B7CA6D /* PBXTargetDependency */,
			);
			name = ZJFrameworkUITests;
			productName = ZJFrameworkUITests;
			productReference = 383F0BDA1C5701D300B7CA6D /* ZJFrameworkUITests.xctest */;
			productType = "com.apple.product-type.bundle.ui-testing";
		};
/* End PBXNativeTarget section */

/* Begin PBXProject section */
		383F0BAB1C5701D300B7CA6D /* Project object */ = {
			isa = PBXProject;
			attributes = {
				CLASSPREFIX = ZJ;
				LastUpgradeCheck = 0720;
				ORGANIZATIONNAME = ZJ;
				TargetAttributes = {
					383F0BB21C5701D300B7CA6D = {
						CreatedOnToolsVersion = 7.2;
						DevelopmentTeam = 7955BVLGNM;
					};
					383F0BCE1C5701D300B7CA6D = {
						CreatedOnToolsVersion = 7.2;
						TestTargetID = 383F0BB21C5701D300B7CA6D;
					};
					383F0BD91C5701D300B7CA6D = {
						CreatedOnToolsVersion = 7.2;
						TestTargetID = 383F0BB21C5701D300B7CA6D;
					};
				};
			};
			buildConfigurationList = 383F0BAE1C5701D300B7CA6D /* Build configuration list for PBXProject "ZJFramework" */;
			compatibilityVersion = "Xcode 3.2";
			developmentRegion = English;
			hasScannedForEncodings = 0;
			knownRegions = (
				en,
				Base,
			);
			mainGroup = 383F0BAA1C5701D300B7CA6D;
			productRefGroup = 383F0BB41C5701D300B7CA6D /* Products */;
			projectDirPath = "";
			projectRoot = "";
			targets = (
				383F0BB21C5701D300B7CA6D /* ZJFramework */,
				383F0BCE1C5701D300B7CA6D /* ZJFrameworkTests */,
				383F0BD91C5701D300B7CA6D /* ZJFrameworkUITests */,
			);
		};
/* End PBXProject section */

/* Begin PBXResourcesBuildPhase section */
		383F0BB11C5701D300B7CA6D /* Resources */ = {
			isa = PBXResourcesBuildPhase;
			buildActionMask = 2147483647;
			files = (
				383F0BC91C5701D300B7CA6D /* LaunchScreen.storyboard in Resources */,
				383F0BC61C5701D300B7CA6D /* Assets.xcassets in Resources */,
				383F0BC11C5701D300B7CA6D /* Main.storyboard in Resources */,
				385335931C7AE32D0033F77B /* ZJNaviScrollCollectionViewCell.xib in Resources */,
			);
			runOnlyForDeploymentPostprocessing = 0;
		};
		383F0BCD1C5701D300B7CA6D /* Resources */ = {
			isa = PBXResourcesBuildPhase;
			buildActionMask = 2147483647;
			files = (
			);
			runOnlyForDeploymentPostprocessing = 0;
		};
		383F0BD81C5701D300B7CA6D /* Resources */ = {
			isa = PBXResourcesBuildPhase;
			buildActionMask = 2147483647;
			files = (
			);
			runOnlyForDeploymentPostprocessing = 0;
		};
/* End PBXResourcesBuildPhase section */

/* Begin PBXSourcesBuildPhase section */
		383F0BAF1C5701D300B7CA6D /* Sources */ = {
			isa = PBXSourcesBuildPhase;
			buildActionMask = 2147483647;
			files = (
				383F0C091C57031000B7CA6D /* ZJPickerView.m in Sources */,
				383F0C271C57528A00B7CA6D /* ZJBLEDeviceManager.m in Sources */,
				383F0C1D1C57165200B7CA6D /* ZJScrollView.m in Sources */,
				383F0C041C57031000B7CA6D /* ZJDatePicker.m in Sources */,
				3853359A1C7B085A0033F77B /* ZJNaviDetailView.m in Sources */,
				383F0BBB1C5701D300B7CA6D /* AppDelegate.m in Sources */,
				383F0C051C57031000B7CA6D /* ZJFooterView.m in Sources */,
				385B857E1C9A7E0D00970191 /* ZJCategory.m in Sources */,
				383F0C081C57031000B7CA6D /* RWRotationGestureRecognizer.m in Sources */,
				383F0C071C57031000B7CA6D /* RWKnobRender.m in Sources */,
				383F0C241C57515B00B7CA6D /* ZJBLEDevice.m in Sources */,
				383F0C0B1C57031000B7CA6D /* ZJSearchingContentsLayer.m in Sources */,
				385335971C7AF85E0033F77B /* ZJNaviScrollButton.m in Sources */,
				383F0BC41C5701D300B7CA6D /* ZJFramework.xcdatamodeld in Sources */,
				383F0BB81C5701D300B7CA6D /* main.m in Sources */,
				385B85701C9A551800970191 /* ZJTestViewController.m in Sources */,
				385B856E1C9A551800970191 /* ViewController.m in Sources */,
				385335861C7AB6B40033F77B /* ZJNaviScrollView.m in Sources */,
				385B85741C9A558A00970191 /* ZJLoginManager.m in Sources */,
				383F0C0C1C57031000B7CA6D /* ZJSearchingView.m in Sources */,
				385B856F1C9A551800970191 /* ZJBLETableViewController.m in Sources */,
				385B857D1C9A7E0D00970191 /* UIViewExt.m in Sources */,
				385335921C7AE32D0033F77B /* ZJNaviScrollCollectionViewCell.m in Sources */,
				383F0C061C57031000B7CA6D /* RWKnobControl.m in Sources */,
			);
			runOnlyForDeploymentPostprocessing = 0;
		};
		383F0BCB1C5701D300B7CA6D /* Sources */ = {
			isa = PBXSourcesBuildPhase;
			buildActionMask = 2147483647;
			files = (
				383F0BD41C5701D300B7CA6D /* ZJFrameworkTests.m in Sources */,
			);
			runOnlyForDeploymentPostprocessing = 0;
		};
		383F0BD61C5701D300B7CA6D /* Sources */ = {
			isa = PBXSourcesBuildPhase;
			buildActionMask = 2147483647;
			files = (
				383F0BDF1C5701D300B7CA6D /* ZJFrameworkUITests.m in Sources */,
			);
			runOnlyForDeploymentPostprocessing = 0;
		};
/* End PBXSourcesBuildPhase section */

/* Begin PBXTargetDependency section */
		383F0BD11C5701D300B7CA6D /* PBXTargetDependency */ = {
			isa = PBXTargetDependency;
			target = 383F0BB21C5701D300B7CA6D /* ZJFramework */;
			targetProxy = 383F0BD01C5701D300B7CA6D /* PBXContainerItemProxy */;
		};
		383F0BDC1C5701D300B7CA6D /* PBXTargetDependency */ = {
			isa = PBXTargetDependency;
			target = 383F0BB21C5701D300B7CA6D /* ZJFramework */;
			targetProxy = 383F0BDB1C5701D300B7CA6D /* PBXContainerItemProxy */;
		};
/* End PBXTargetDependency section */

/* Begin PBXVariantGroup section */
		383F0BBF1C5701D300B7CA6D /* Main.storyboard */ = {
			isa = PBXVariantGroup;
			children = (
				383F0BC01C5701D300B7CA6D /* Base */,
			);
			name = Main.storyboard;
			path = ZJFramework;
			sourceTree = "<group>";
		};
		383F0BC71C5701D300B7CA6D /* LaunchScreen.storyboard */ = {
			isa = PBXVariantGroup;
			children = (
				383F0BC81C5701D300B7CA6D /* Base */,
			);
			name = LaunchScreen.storyboard;
			sourceTree = "<group>";
		};
/* End PBXVariantGroup section */

/* Begin XCBuildConfiguration section */
		383F0BE11C5701D300B7CA6D /* Debug */ = {
			isa = XCBuildConfiguration;
			buildSettings = {
				ALWAYS_SEARCH_USER_PATHS = NO;
				CLANG_CXX_LANGUAGE_STANDARD = "gnu++0x";
				CLANG_CXX_LIBRARY = "libc++";
				CLANG_ENABLE_MODULES = YES;
				CLANG_ENABLE_OBJC_ARC = YES;
				CLANG_WARN_BOOL_CONVERSION = YES;
				CLANG_WARN_CONSTANT_CONVERSION = YES;
				CLANG_WARN_DIRECT_OBJC_ISA_USAGE = YES_ERROR;
				CLANG_WARN_EMPTY_BODY = YES;
				CLANG_WARN_ENUM_CONVERSION = YES;
				CLANG_WARN_INT_CONVERSION = YES;
				CLANG_WARN_OBJC_ROOT_CLASS = YES_ERROR;
				CLANG_WARN_UNREACHABLE_CODE = YES;
				CLANG_WARN__DUPLICATE_METHOD_MATCH = YES;
				"CODE_SIGN_IDENTITY[sdk=iphoneos*]" = "iPhone Developer";
				COPY_PHASE_STRIP = NO;
				DEBUG_INFORMATION_FORMAT = dwarf;
				ENABLE_STRICT_OBJC_MSGSEND = YES;
				ENABLE_TESTABILITY = YES;
				GCC_C_LANGUAGE_STANDARD = gnu99;
				GCC_DYNAMIC_NO_PIC = NO;
				GCC_NO_COMMON_BLOCKS = YES;
				GCC_OPTIMIZATION_LEVEL = 0;
				GCC_PREPROCESSOR_DEFINITIONS = (
					"DEBUG=1",
					"$(inherited)",
				);
				GCC_WARN_64_TO_32_BIT_CONVERSION = YES;
				GCC_WARN_ABOUT_RETURN_TYPE = YES_ERROR;
				GCC_WARN_UNDECLARED_SELECTOR = YES;
				GCC_WARN_UNINITIALIZED_AUTOS = YES_AGGRESSIVE;
				GCC_WARN_UNUSED_FUNCTION = YES;
				GCC_WARN_UNUSED_VARIABLE = YES;
				IPHONEOS_DEPLOYMENT_TARGET = 9.2;
				MTL_ENABLE_DEBUG_INFO = YES;
				ONLY_ACTIVE_ARCH = YES;
				SDKROOT = iphoneos;
				TARGETED_DEVICE_FAMILY = "1,2";
			};
			name = Debug;
		};
		383F0BE21C5701D300B7CA6D /* Release */ = {
			isa = XCBuildConfiguration;
			buildSettings = {
				ALWAYS_SEARCH_USER_PATHS = NO;
				CLANG_CXX_LANGUAGE_STANDARD = "gnu++0x";
				CLANG_CXX_LIBRARY = "libc++";
				CLANG_ENABLE_MODULES = YES;
				CLANG_ENABLE_OBJC_ARC = YES;
				CLANG_WARN_BOOL_CONVERSION = YES;
				CLANG_WARN_CONSTANT_CONVERSION = YES;
				CLANG_WARN_DIRECT_OBJC_ISA_USAGE = YES_ERROR;
				CLANG_WARN_EMPTY_BODY = YES;
				CLANG_WARN_ENUM_CONVERSION = YES;
				CLANG_WARN_INT_CONVERSION = YES;
				CLANG_WARN_OBJC_ROOT_CLASS = YES_ERROR;
				CLANG_WARN_UNREACHABLE_CODE = YES;
				CLANG_WARN__DUPLICATE_METHOD_MATCH = YES;
				"CODE_SIGN_IDENTITY[sdk=iphoneos*]" = "iPhone Developer";
				COPY_PHASE_STRIP = NO;
				DEBUG_INFORMATION_FORMAT = "dwarf-with-dsym";
				ENABLE_NS_ASSERTIONS = NO;
				ENABLE_STRICT_OBJC_MSGSEND = YES;
				GCC_C_LANGUAGE_STANDARD = gnu99;
				GCC_NO_COMMON_BLOCKS = YES;
				GCC_WARN_64_TO_32_BIT_CONVERSION = YES;
				GCC_WARN_ABOUT_RETURN_TYPE = YES_ERROR;
				GCC_WARN_UNDECLARED_SELECTOR = YES;
				GCC_WARN_UNINITIALIZED_AUTOS = YES_AGGRESSIVE;
				GCC_WARN_UNUSED_FUNCTION = YES;
				GCC_WARN_UNUSED_VARIABLE = YES;
				IPHONEOS_DEPLOYMENT_TARGET = 9.2;
				MTL_ENABLE_DEBUG_INFO = NO;
				SDKROOT = iphoneos;
				TARGETED_DEVICE_FAMILY = "1,2";
				VALIDATE_PRODUCT = YES;
			};
			name = Release;
		};
		383F0BE41C5701D300B7CA6D /* Debug */ = {
			isa = XCBuildConfiguration;
			buildSettings = {
				ASSETCATALOG_COMPILER_APPICON_NAME = AppIcon;
				CODE_SIGN_IDENTITY = "iPhone Developer";
				"CODE_SIGN_IDENTITY[sdk=iphoneos*]" = "iPhone Developer";
				INFOPLIST_FILE = ZJFramework/Info.plist;
				LD_RUNPATH_SEARCH_PATHS = "$(inherited) @executable_path/Frameworks";
				PRODUCT_BUNDLE_IDENTIFIER = com.hanyouapp.com.ZJFramework;
				PRODUCT_NAME = "$(TARGET_NAME)";
				PROVISIONING_PROFILE = "";
			};
			name = Debug;
		};
		383F0BE51C5701D300B7CA6D /* Release */ = {
			isa = XCBuildConfiguration;
			buildSettings = {
				ASSETCATALOG_COMPILER_APPICON_NAME = AppIcon;
				CODE_SIGN_IDENTITY = "iPhone Developer";
				"CODE_SIGN_IDENTITY[sdk=iphoneos*]" = "iPhone Developer";
				INFOPLIST_FILE = ZJFramework/Info.plist;
				LD_RUNPATH_SEARCH_PATHS = "$(inherited) @executable_path/Frameworks";
				PRODUCT_BUNDLE_IDENTIFIER = com.hanyouapp.com.ZJFramework;
				PRODUCT_NAME = "$(TARGET_NAME)";
				PROVISIONING_PROFILE = "";
			};
			name = Release;
		};
		383F0BE71C5701D300B7CA6D /* Debug */ = {
			isa = XCBuildConfiguration;
			buildSettings = {
				BUNDLE_LOADER = "$(TEST_HOST)";
				INFOPLIST_FILE = ZJFrameworkTests/Info.plist;
				LD_RUNPATH_SEARCH_PATHS = "$(inherited) @executable_path/Frameworks @loader_path/Frameworks";
				PRODUCT_BUNDLE_IDENTIFIER = com.hanyouapp.com.ZJFrameworkTests;
				PRODUCT_NAME = "$(TARGET_NAME)";
				TEST_HOST = "$(BUILT_PRODUCTS_DIR)/ZJFramework.app/ZJFramework";
			};
			name = Debug;
		};
		383F0BE81C5701D300B7CA6D /* Release */ = {
			isa = XCBuildConfiguration;
			buildSettings = {
				BUNDLE_LOADER = "$(TEST_HOST)";
				INFOPLIST_FILE = ZJFrameworkTests/Info.plist;
				LD_RUNPATH_SEARCH_PATHS = "$(inherited) @executable_path/Frameworks @loader_path/Frameworks";
				PRODUCT_BUNDLE_IDENTIFIER = com.hanyouapp.com.ZJFrameworkTests;
				PRODUCT_NAME = "$(TARGET_NAME)";
				TEST_HOST = "$(BUILT_PRODUCTS_DIR)/ZJFramework.app/ZJFramework";
			};
			name = Release;
		};
		383F0BEA1C5701D300B7CA6D /* Debug */ = {
			isa = XCBuildConfiguration;
			buildSettings = {
				INFOPLIST_FILE = ZJFrameworkUITests/Info.plist;
				LD_RUNPATH_SEARCH_PATHS = "$(inherited) @executable_path/Frameworks @loader_path/Frameworks";
				PRODUCT_BUNDLE_IDENTIFIER = com.hanyouapp.com.ZJFrameworkUITests;
				PRODUCT_NAME = "$(TARGET_NAME)";
				TEST_TARGET_NAME = ZJFramework;
				USES_XCTRUNNER = YES;
			};
			name = Debug;
		};
		383F0BEB1C5701D300B7CA6D /* Release */ = {
			isa = XCBuildConfiguration;
			buildSettings = {
				INFOPLIST_FILE = ZJFrameworkUITests/Info.plist;
				LD_RUNPATH_SEARCH_PATHS = "$(inherited) @executable_path/Frameworks @loader_path/Frameworks";
				PRODUCT_BUNDLE_IDENTIFIER = com.hanyouapp.com.ZJFrameworkUITests;
				PRODUCT_NAME = "$(TARGET_NAME)";
				TEST_TARGET_NAME = ZJFramework;
				USES_XCTRUNNER = YES;
			};
			name = Release;
		};
/* End XCBuildConfiguration section */

/* Begin XCConfigurationList section */
		383F0BAE1C5701D300B7CA6D /* Build configuration list for PBXProject "ZJFramework" */ = {
			isa = XCConfigurationList;
			buildConfigurations = (
				383F0BE11C5701D300B7CA6D /* Debug */,
				383F0BE21C5701D300B7CA6D /* Release */,
			);
			defaultConfigurationIsVisible = 0;
			defaultConfigurationName = Release;
		};
		383F0BE31C5701D300B7CA6D /* Build configuration list for PBXNativeTarget "ZJFramework" */ = {
			isa = XCConfigurationList;
			buildConfigurations = (
				383F0BE41C5701D300B7CA6D /* Debug */,
				383F0BE51C5701D300B7CA6D /* Release */,
			);
			defaultConfigurationIsVisible = 0;
			defaultConfigurationName = Release;
		};
		383F0BE61C5701D300B7CA6D /* Build configuration list for PBXNativeTarget "ZJFrameworkTests" */ = {
			isa = XCConfigurationList;
			buildConfigurations = (
				383F0BE71C5701D300B7CA6D /* Debug */,
				383F0BE81C5701D300B7CA6D /* Release */,
			);
			defaultConfigurationIsVisible = 0;
			defaultConfigurationName = Release;
		};
		383F0BE91C5701D300B7CA6D /* Build configuration list for PBXNativeTarget "ZJFrameworkUITests" */ = {
			isa = XCConfigurationList;
			buildConfigurations = (
				383F0BEA1C5701D300B7CA6D /* Debug */,
				383F0BEB1C5701D300B7CA6D /* Release */,
			);
			defaultConfigurationIsVisible = 0;
			defaultConfigurationName = Release;
		};
/* End XCConfigurationList section */

/* Begin XCVersionGroup section */
		383F0BC21C5701D300B7CA6D /* ZJFramework.xcdatamodeld */ = {
			isa = XCVersionGroup;
			children = (
				383F0BC31C5701D300B7CA6D /* ZJFramework.xcdatamodel */,
			);
			currentVersion = 383F0BC31C5701D300B7CA6D /* ZJFramework.xcdatamodel */;
			path = ZJFramework.xcdatamodeld;
			sourceTree = "<group>";
			versionGroupType = wrapper.xcdatamodel;
		};
/* End XCVersionGroup section */
	};
	rootObject = 383F0BAB1C5701D300B7CA6D /* Project object */;
}
